
Microsoft Visual Studio Solution File, Format Version 12.00
# Visual Studio Version 17
VisualStudioVersion = 17.10.35027.167
MinimumVisualStudioVersion = 10.0.40219.1
Project("{9A19103F-16F7-4668-BE54-9A1E7A4F7556}") = "TesteRiscoBR", "TesteRiscoBR\TesteRiscoBR.csproj", "{A19C16B2-1189-47AB-AB57-0CEF0E813A3A}"
EndProject
Global
	GlobalSection(SolutionConfigurationPlatforms) = preSolution
		Debug|Any CPU = Debug|Any CPU
		Release|Any CPU = Release|Any CPU
	EndGlobalSection
	GlobalSection(ProjectConfigurationPlatforms) = postSolution
		{A19C16B2-1189-47AB-AB57-0CEF0E813A3A}.Debug|Any CPU.ActiveCfg = Debug|Any CPU
		{A19C16B2-1189-47AB-AB57-0CEF0E813A3A}.Debug|Any CPU.Build.0 = Debug|Any CPU
		{A19C16B2-1189-47AB-AB57-0CEF0E813A3A}.Release|Any CPU.ActiveCfg = Release|Any CPU
		{A19C16B2-1189-47AB-AB57-0CEF0E813A3A}.Release|Any CPU.Build.0 = Release|Any CPU
	EndGlobalSection
	GlobalSection(SolutionProperties) = preSolution
		HideSolutionNode = FALSE
	EndGlobalSection
	GlobalSection(ExtensibilityGlobals) = postSolution
		SolutionGuid = {AEE98A1F-6D54-460C-9E54-C36933E3766B}
	EndGlobalSection
EndGlobal
